
Microsoft Visual Studio Solution File, Format Version 12.00
# Visual Studio Version 17
VisualStudioVersion = 17.2.32505.173
MinimumVisualStudioVersion = 10.0.40219.1
Project("{FAE04EC0-301F-11D3-BF4B-00C04F79EFBC}") = "Slot12 Demo7", "Slot12 Demo7.csproj", "{BE43AD4A-CBA1-402B-BCFB-59935BCE4DDF}"
EndProject
Global
	GlobalSection(SolutionConfigurationPlatforms) = preSolution
		Debug|Any CPU = Debug|Any CPU
		Release|Any CPU = Release|Any CPU
	EndGlobalSection
	GlobalSection(ProjectConfigurationPlatforms) = postSolution
		{BE43AD4A-CBA1-402B-BCFB-59935BCE4DDF}.Debug|Any CPU.ActiveCfg = Debug|Any CPU
		{BE43AD4A-CBA1-402B-BCFB-59935BCE4DDF}.Debug|Any CPU.Build.0 = Debug|Any CPU
		{BE43AD4A-CBA1-402B-BCFB-59935BCE4DDF}.Release|Any CPU.ActiveCfg = Release|Any CPU
		{BE43AD4A-CBA1-402B-BCFB-59935BCE4DDF}.Release|Any CPU.Build.0 = Release|Any CPU
	EndGlobalSection
	GlobalSection(SolutionProperties) = preSolution
		HideSolutionNode = FALSE
	EndGlobalSection
	GlobalSection(ExtensibilityGlobals) = postSolution
		SolutionGuid = {BC65D154-6C72-4435-BE0F-4D9D9731E491}
	EndGlobalSection
EndGlobal
