
Microsoft Visual Studio Solution File, Format Version 12.00
# Visual Studio Version 17
VisualStudioVersion = 17.2.32505.173
MinimumVisualStudioVersion = 10.0.40219.1
Project("{FAE04EC0-301F-11D3-BF4B-00C04F79EFBC}") = "Slot2", "Slot2.csproj", "{CAC530D7-A67A-4D28-A988-C5D61F63EEB1}"
EndProject
Global
	GlobalSection(SolutionConfigurationPlatforms) = preSolution
		Debug|Any CPU = Debug|Any CPU
		Release|Any CPU = Release|Any CPU
	EndGlobalSection
	GlobalSection(ProjectConfigurationPlatforms) = postSolution
		{CAC530D7-A67A-4D28-A988-C5D61F63EEB1}.Debug|Any CPU.ActiveCfg = Debug|Any CPU
		{CAC530D7-A67A-4D28-A988-C5D61F63EEB1}.Debug|Any CPU.Build.0 = Debug|Any CPU
		{CAC530D7-A67A-4D28-A988-C5D61F63EEB1}.Release|Any CPU.ActiveCfg = Release|Any CPU
		{CAC530D7-A67A-4D28-A988-C5D61F63EEB1}.Release|Any CPU.Build.0 = Release|Any CPU
	EndGlobalSection
	GlobalSection(SolutionProperties) = preSolution
		HideSolutionNode = FALSE
	EndGlobalSection
	GlobalSection(ExtensibilityGlobals) = postSolution
		SolutionGuid = {CCA9221A-E19A-48FB-BAC9-900BB5D1D255}
	EndGlobalSection
EndGlobal
