
Microsoft Visual Studio Solution File, Format Version 12.00
# Visual Studio Version 17
VisualStudioVersion = 17.2.32505.173
MinimumVisualStudioVersion = 10.0.40219.1
Project("{FAE04EC0-301F-11D3-BF4B-00C04F79EFBC}") = "Slot12 Demo6", "Slot12 Demo6.csproj", "{B3198141-03A3-489E-B237-D59CF663095F}"
EndProject
Global
	GlobalSection(SolutionConfigurationPlatforms) = preSolution
		Debug|Any CPU = Debug|Any CPU
		Release|Any CPU = Release|Any CPU
	EndGlobalSection
	GlobalSection(ProjectConfigurationPlatforms) = postSolution
		{B3198141-03A3-489E-B237-D59CF663095F}.Debug|Any CPU.ActiveCfg = Debug|Any CPU
		{B3198141-03A3-489E-B237-D59CF663095F}.Debug|Any CPU.Build.0 = Debug|Any CPU
		{B3198141-03A3-489E-B237-D59CF663095F}.Release|Any CPU.ActiveCfg = Release|Any CPU
		{B3198141-03A3-489E-B237-D59CF663095F}.Release|Any CPU.Build.0 = Release|Any CPU
	EndGlobalSection
	GlobalSection(SolutionProperties) = preSolution
		HideSolutionNode = FALSE
	EndGlobalSection
	GlobalSection(ExtensibilityGlobals) = postSolution
		SolutionGuid = {7AAA3D34-BD1E-45E3-9B6A-CA3F4CE12454}
	EndGlobalSection
EndGlobal
