
Microsoft Visual Studio Solution File, Format Version 12.00
# Visual Studio Version 17
VisualStudioVersion = 17.2.32505.173
MinimumVisualStudioVersion = 10.0.40219.1
Project("{FAE04EC0-301F-11D3-BF4B-00C04F79EFBC}") = "Slot12 Demo5", "Slot12 Demo5.csproj", "{88094D45-53AB-4AC4-A9C8-DADC9DE7834D}"
EndProject
Global
	GlobalSection(SolutionConfigurationPlatforms) = preSolution
		Debug|Any CPU = Debug|Any CPU
		Release|Any CPU = Release|Any CPU
	EndGlobalSection
	GlobalSection(ProjectConfigurationPlatforms) = postSolution
		{88094D45-53AB-4AC4-A9C8-DADC9DE7834D}.Debug|Any CPU.ActiveCfg = Debug|Any CPU
		{88094D45-53AB-4AC4-A9C8-DADC9DE7834D}.Debug|Any CPU.Build.0 = Debug|Any CPU
		{88094D45-53AB-4AC4-A9C8-DADC9DE7834D}.Release|Any CPU.ActiveCfg = Release|Any CPU
		{88094D45-53AB-4AC4-A9C8-DADC9DE7834D}.Release|Any CPU.Build.0 = Release|Any CPU
	EndGlobalSection
	GlobalSection(SolutionProperties) = preSolution
		HideSolutionNode = FALSE
	EndGlobalSection
	GlobalSection(ExtensibilityGlobals) = postSolution
		SolutionGuid = {F7D899BB-99DC-48F6-BECC-5DC3FB74F186}
	EndGlobalSection
EndGlobal
