
Microsoft Visual Studio Solution File, Format Version 12.00
# Visual Studio Version 17
VisualStudioVersion = 17.2.32505.173
MinimumVisualStudioVersion = 10.0.40219.1
Project("{FAE04EC0-301F-11D3-BF4B-00C04F79EFBC}") = "Slot12 Demo8", "Slot12 Demo8.csproj", "{3DCDBDC1-F457-4819-8A1B-92EDFC8F5B54}"
EndProject
Global
	GlobalSection(SolutionConfigurationPlatforms) = preSolution
		Debug|Any CPU = Debug|Any CPU
		Release|Any CPU = Release|Any CPU
	EndGlobalSection
	GlobalSection(ProjectConfigurationPlatforms) = postSolution
		{3DCDBDC1-F457-4819-8A1B-92EDFC8F5B54}.Debug|Any CPU.ActiveCfg = Debug|Any CPU
		{3DCDBDC1-F457-4819-8A1B-92EDFC8F5B54}.Debug|Any CPU.Build.0 = Debug|Any CPU
		{3DCDBDC1-F457-4819-8A1B-92EDFC8F5B54}.Release|Any CPU.ActiveCfg = Release|Any CPU
		{3DCDBDC1-F457-4819-8A1B-92EDFC8F5B54}.Release|Any CPU.Build.0 = Release|Any CPU
	EndGlobalSection
	GlobalSection(SolutionProperties) = preSolution
		HideSolutionNode = FALSE
	EndGlobalSection
	GlobalSection(ExtensibilityGlobals) = postSolution
		SolutionGuid = {14668F64-299D-4C08-8EEE-9F453B53AF76}
	EndGlobalSection
EndGlobal
