
Microsoft Visual Studio Solution File, Format Version 12.00
# Visual Studio Version 17
VisualStudioVersion = 17.1.32421.90
MinimumVisualStudioVersion = 10.0.40219.1
Project("{FAE04EC0-301F-11D3-BF4B-00C04F79EFBC}") = "Polymorphism", "Polymorphism\Polymorphism.csproj", "{B28B791C-5227-4968-9C6D-40E2C277D784}"
EndProject
Global
	GlobalSection(SolutionConfigurationPlatforms) = preSolution
		Debug|Any CPU = Debug|Any CPU
		Release|Any CPU = Release|Any CPU
	EndGlobalSection
	GlobalSection(ProjectConfigurationPlatforms) = postSolution
		{B28B791C-5227-4968-9C6D-40E2C277D784}.Debug|Any CPU.ActiveCfg = Debug|Any CPU
		{B28B791C-5227-4968-9C6D-40E2C277D784}.Debug|Any CPU.Build.0 = Debug|Any CPU
		{B28B791C-5227-4968-9C6D-40E2C277D784}.Release|Any CPU.ActiveCfg = Release|Any CPU
		{B28B791C-5227-4968-9C6D-40E2C277D784}.Release|Any CPU.Build.0 = Release|Any CPU
	EndGlobalSection
	GlobalSection(SolutionProperties) = preSolution
		HideSolutionNode = FALSE
	EndGlobalSection
	GlobalSection(ExtensibilityGlobals) = postSolution
		SolutionGuid = {F86AE8F3-78AE-47C8-8615-92A73A4FE7F4}
	EndGlobalSection
EndGlobal
